
Microsoft Visual Studio Solution File, Format Version 12.00
# Visual Studio 2012
Project("{FAE04EC0-301F-11D3-BF4B-00C04F79EFBC}") = "DummyVisualizer", "DummyVisualizer.csproj", "{CED8D513-D34B-44FD-AA53-E0A0DDAD812F}"
EndProject
Global
	GlobalSection(SolutionConfigurationPlatforms) = preSolution
		Debug|Any CPU = Debug|Any CPU
		Release|Any CPU = Release|Any CPU
	EndGlobalSection
	GlobalSection(ProjectConfigurationPlatforms) = postSolution
		{CED8D513-D34B-44FD-AA53-E0A0DDAD812F}.Debug|Any CPU.ActiveCfg = Debug|Any CPU
		{CED8D513-D34B-44FD-AA53-E0A0DDAD812F}.Debug|Any CPU.Build.0 = Debug|Any CPU
		{CED8D513-D34B-44FD-AA53-E0A0DDAD812F}.Release|Any CPU.ActiveCfg = Release|Any CPU
		{CED8D513-D34B-44FD-AA53-E0A0DDAD812F}.Release|Any CPU.Build.0 = Release|Any CPU
	EndGlobalSection
EndGlobal
